PODS:
  - Ads-Global/APM (4.9.0.8):
    - RangersAPM-Pangle/Crash (= 3.0.2)
    - RangersAPM-Pangle/Global (= 3.0.2)
    - RangersAPM-Pangle/SessionTracker (= 3.0.2)
  - Ads-Global/BUAdSDK_Compatible (4.9.0.8):
    - Ads-Global/APM
    - Ads-Global/BURelyAdSDK
    - Ads-Global/Dep_Compatible
  - Ads-Global/BURelyAdSDK (4.9.0.8)
  - Ads-Global/Dep_Compatible (4.9.0.8):
    - BUAdSDK (~> 0.1.0.25)
    - BURelyFoundation_Global/Pangle (~> 0.0.3.24)
  - BUAdSDK (0.1.0.26):
    - BUAdSDK/BUAdSDK (= 0.1.0.26)
  - BUAdSDK/BUAdSDK (0.1.0.26)
  - BURelyFoundation_Global/AFNetworking (0.0.3.26)
  - BURelyFoundation_Global/Foundation (0.0.3.26):
    - BURelyFoundation_Global/NETWork
  - BURelyFoundation_Global/Gecko (0.0.3.26):
    - BURelyFoundation_Global/Foundation
  - BURelyFoundation_Global/Header (0.0.3.26)
  - BURelyFoundation_Global/NETWork (0.0.3.26):
    - BURelyFoundation_Global/AFNetworking
  - BURelyFoundation_Global/Pangle (0.0.3.26):
    - BURelyFoundation_Global/AFNetworking
    - BURelyFoundation_Global/Foundation
    - BURelyFoundation_Global/Gecko
    - BURelyFoundation_Global/Header
    - BURelyFoundation_Global/NETWork
    - BURelyFoundation_Global/SDWebImage
    - BURelyFoundation_Global/YYModel
    - BURelyFoundation_Global/ZFPlayer
    - BURelyFoundation_Global/Zip
  - BURelyFoundation_Global/SDWebImage (0.0.3.26):
    - BURelyFoundation_Global/Foundation
  - BURelyFoundation_Global/YYModel (0.0.3.26)
  - BURelyFoundation_Global/ZFPlayer (0.0.3.26):
    - BURelyFoundation_Global/Foundation
    - BURelyFoundation_Global/Zip
  - BURelyFoundation_Global/Zip (0.0.3.26):
    - BURelyFoundation_Global/Foundation
  - FirebaseABTesting (10.14.0):
    - FirebaseCore (~> 10.0)
  - FirebaseAnalytics (10.14.0):
    - FirebaseAnalytics/AdIdSupport (= 10.14.0)
    - FirebaseCore (~> 10.0)
    - FirebaseInstallations (~> 10.0)
    - GoogleUtilities/AppDelegateSwizzler (~> 7.11)
    - GoogleUtilities/MethodSwizzler (~> 7.11)
    - GoogleUtilities/Network (~> 7.11)
    - "GoogleUtilities/NSData+zlib (~> 7.11)"
    - nanopb (< 2.30910.0, >= 2.30908.0)
  - FirebaseAnalytics/AdIdSupport (10.14.0):
    - FirebaseCore (~> 10.0)
    - FirebaseInstallations (~> 10.0)
    - GoogleAppMeasurement (= 10.14.0)
    - GoogleUtilities/AppDelegateSwizzler (~> 7.11)
    - GoogleUtilities/MethodSwizzler (~> 7.11)
    - GoogleUtilities/Network (~> 7.11)
    - "GoogleUtilities/NSData+zlib (~> 7.11)"
    - nanopb (< 2.30910.0, >= 2.30908.0)
  - FirebaseCore (10.14.0):
    - FirebaseCoreInternal (~> 10.0)
    - GoogleUtilities/Environment (~> 7.8)
    - GoogleUtilities/Logger (~> 7.8)
  - FirebaseCoreExtension (10.14.0):
    - FirebaseCore (~> 10.0)
  - FirebaseCoreInternal (10.14.0):
    - "GoogleUtilities/NSData+zlib (~> 7.8)"
  - FirebaseCrashlytics (10.14.0):
    - FirebaseCore (~> 10.5)
    - FirebaseInstallations (~> 10.0)
    - FirebaseSessions (~> 10.5)
    - GoogleDataTransport (~> 9.2)
    - GoogleUtilities/Environment (~> 7.8)
    - nanopb (< 2.30910.0, >= 2.30908.0)
    - PromisesObjC (~> 2.1)
  - FirebaseInstallations (10.14.0):
    - FirebaseCore (~> 10.0)
    - GoogleUtilities/Environment (~> 7.8)
    - GoogleUtilities/UserDefaults (~> 7.8)
    - PromisesObjC (~> 2.1)
  - FirebaseMessaging (10.14.0):
    - FirebaseCore (~> 10.0)
    - FirebaseInstallations (~> 10.0)
    - GoogleDataTransport (~> 9.2)
    - GoogleUtilities/AppDelegateSwizzler (~> 7.8)
    - GoogleUtilities/Environment (~> 7.8)
    - GoogleUtilities/Reachability (~> 7.8)
    - GoogleUtilities/UserDefaults (~> 7.8)
    - nanopb (< 2.30910.0, >= 2.30908.0)
  - FirebasePerformance (10.14.0):
    - FirebaseCore (~> 10.5)
    - FirebaseInstallations (~> 10.0)
    - FirebaseRemoteConfig (~> 10.0)
    - FirebaseSessions (~> 10.5)
    - GoogleDataTransport (~> 9.2)
    - GoogleUtilities/Environment (~> 7.8)
    - GoogleUtilities/ISASwizzler (~> 7.8)
    - GoogleUtilities/MethodSwizzler (~> 7.8)
    - nanopb (< 2.30910.0, >= 2.30908.0)
  - FirebaseRemoteConfig (10.14.0):
    - FirebaseABTesting (~> 10.0)
    - FirebaseCore (~> 10.0)
    - FirebaseInstallations (~> 10.0)
    - GoogleUtilities/Environment (~> 7.8)
    - "GoogleUtilities/NSData+zlib (~> 7.8)"
  - FirebaseSessions (10.14.0):
    - FirebaseCore (~> 10.5)
    - FirebaseCoreExtension (~> 10.0)
    - FirebaseInstallations (~> 10.0)
    - GoogleDataTransport (~> 9.2)
    - GoogleUtilities/Environment (~> 7.10)
    - nanopb (< 2.30910.0, >= 2.30908.0)
    - PromisesSwift (~> 2.1)
  - Google-Mobile-Ads-SDK (9.14.0):
    - GoogleAppMeasurement (< 11.0, >= 7.0)
    - GoogleUserMessagingPlatform (>= 1.1)
  - GoogleAds-IMA-iOS-SDK (3.19.2)
  - GoogleAppMeasurement (10.14.0):
    - GoogleAppMeasurement/AdIdSupport (= 10.14.0)
    - GoogleUtilities/AppDelegateSwizzler (~> 7.11)
    - GoogleUtilities/MethodSwizzler (~> 7.11)
    - GoogleUtilities/Network (~> 7.11)
    - "GoogleUtilities/NSData+zlib (~> 7.11)"
    - nanopb (< 2.30910.0, >= 2.30908.0)
  - GoogleAppMeasurement/AdIdSupport (10.14.0):
    - GoogleAppMeasurement/WithoutAdIdSupport (= 10.14.0)
    - GoogleUtilities/AppDelegateSwizzler (~> 7.11)
    - GoogleUtilities/MethodSwizzler (~> 7.11)
    - GoogleUtilities/Network (~> 7.11)
    - "GoogleUtilities/NSData+zlib (~> 7.11)"
    - nanopb (< 2.30910.0, >= 2.30908.0)
  - GoogleAppMeasurement/WithoutAdIdSupport (10.14.0):
    - GoogleUtilities/AppDelegateSwizzler (~> 7.11)
    - GoogleUtilities/MethodSwizzler (~> 7.11)
    - GoogleUtilities/Network (~> 7.11)
    - "GoogleUtilities/NSData+zlib (~> 7.11)"
    - nanopb (< 2.30910.0, >= 2.30908.0)
  - GoogleDataTransport (9.2.5):
    - GoogleUtilities/Environment (~> 7.7)
    - nanopb (< 2.30910.0, >= 2.30908.0)
    - PromisesObjC (< 3.0, >= 1.2)
  - GoogleMobileAdsMediationPangle (4.9.0.8.0):
    - Ads-Global/BUAdSDK_Compatible (= 4.9.0.8)
    - Google-Mobile-Ads-SDK (~> 9.8)
  - GoogleUserMessagingPlatform (2.1.0)
  - GoogleUtilities/AppDelegateSwizzler (7.11.5):
    - GoogleUtilities/Environment
    - GoogleUtilities/Logger
    - GoogleUtilities/Network
  - GoogleUtilities/Environment (7.11.5):
    - PromisesObjC (< 3.0, >= 1.2)
  - GoogleUtilities/ISASwizzler (7.11.5)
  - GoogleUtilities/Logger (7.11.5):
    - GoogleUtilities/Environment
  - GoogleUtilities/MethodSwizzler (7.11.5):
    - GoogleUtilities/Logger
  - GoogleUtilities/Network (7.11.5):
    - GoogleUtilities/Logger
    - "GoogleUtilities/NSData+zlib"
    - GoogleUtilities/Reachability
  - "GoogleUtilities/NSData+zlib (7.11.5)"
  - GoogleUtilities/Reachability (7.11.5):
    - GoogleUtilities/Logger
  - GoogleUtilities/UserDefaults (7.11.5):
    - GoogleUtilities/Logger
  - nanopb (2.30909.0):
    - nanopb/decode (= 2.30909.0)
    - nanopb/encode (= 2.30909.0)
  - nanopb/decode (2.30909.0)
  - nanopb/encode (2.30909.0)
  - OneKit-Pangle/BaseKit (1.3.11)
  - OneKit-Pangle/Database (1.3.11):
    - OneKit-Pangle/Service
  - OneKit-Pangle/Reachability (1.3.11):
    - OneKit-Pangle/Service
  - OneKit-Pangle/Service (1.3.11)
  - PromisesObjC (2.3.1)
  - PromisesSwift (2.3.1):
    - PromisesObjC (= 2.3.1)
  - RangersAPM-Pangle/Above (3.0.2)
  - RangersAPM-Pangle/Core (3.0.2):
    - OneKit-Pangle/BaseKit (= 1.3.11)
  - RangersAPM-Pangle/Crash (3.0.2):
    - RangersAPM-Pangle/Core
    - RangersAPM-Pangle/HMD
    - RangersAPM-Pangle/Public
  - RangersAPM-Pangle/Global (3.0.2):
    - RangersAPM-Pangle/Core
    - RangersAPM-Pangle/Public
  - RangersAPM-Pangle/HMD (3.0.2):
    - OneKit-Pangle/Database (= 1.3.11)
    - RangersAPM-Pangle/Core
  - RangersAPM-Pangle/Public (3.0.2):
    - RangersAPM-Pangle/Above
    - RangersAPM-Pangle/Core
    - RangersAPM-Pangle/Zyone
    - RARegisterKit-Pangle/Core (= 0.0.7)
  - RangersAPM-Pangle/SessionTracker (3.0.2):
    - RangersAPM-Pangle/Core
    - RangersAPM-Pangle/HMD
    - RangersAPM-Pangle/Public
  - RangersAPM-Pangle/Zyone (3.0.2)
  - RARegisterKit-Pangle/Core (0.0.7):
    - OneKit-Pangle/BaseKit (= 1.3.11)
    - OneKit-Pangle/Reachability (= 1.3.11)

DEPENDENCIES:
  - FirebaseAnalytics
  - FirebaseCrashlytics
  - FirebaseMessaging
  - FirebasePerformance
  - FirebaseRemoteConfig
  - Google-Mobile-Ads-SDK
  - GoogleAds-IMA-iOS-SDK
  - GoogleMobileAdsMediationPangle

SPEC REPOS:
  trunk:
    - Ads-Global
    - BUAdSDK
    - BURelyFoundation_Global
    - FirebaseABTesting
    - FirebaseAnalytics
    - FirebaseCore
    - FirebaseCoreExtension
    - FirebaseCoreInternal
    - FirebaseCrashlytics
    - FirebaseInstallations
    - FirebaseMessaging
    - FirebasePerformance
    - FirebaseRemoteConfig
    - FirebaseSessions
    - Google-Mobile-Ads-SDK
    - GoogleAds-IMA-iOS-SDK
    - GoogleAppMeasurement
    - GoogleDataTransport
    - GoogleMobileAdsMediationPangle
    - GoogleUserMessagingPlatform
    - GoogleUtilities
    - nanopb
    - OneKit-Pangle
    - PromisesObjC
    - PromisesSwift
    - RangersAPM-Pangle
    - RARegisterKit-Pangle

SPEC CHECKSUMS:
  Ads-Global: 1884bb9aa872c250b776237345329e4b6e6d935e
  BUAdSDK: 6ca2a94b083208150cda71b4a637aaadca6d1d45
  BURelyFoundation_Global: a9e35a1a481fa13b266358061e774f7c18525795
  FirebaseABTesting: e1535073fac4ff55c7537a6e041155c72d9e6906
  FirebaseAnalytics: 5c6d58814afa4db82cf7fdbc02b0b0e2fa3d43ff
  FirebaseCore: 6fc17ac9f03509d51c131298aacb3ee5698b4f02
  FirebaseCoreExtension: 976638051b1a46b503afce7ec80277f9161f2040
  FirebaseCoreInternal: d558159ee6cc4b823c2296ecc193de9f6d9a5bb3
  FirebaseCrashlytics: 0fbfa4efa57e8a09d8bf195393b50c237e3322b5
  FirebaseInstallations: f672b1eda64e6381c21d424a2f680a943fd83f3b
  FirebaseMessaging: 1077a4499f0c0a140b9a2e34fe08a1acc806b36d
  FirebasePerformance: 6747735bc7e2ff8f22af27803ddcb7b4425f327d
  FirebaseRemoteConfig: e22a706fa7ecc64135325f4c430a15af1e795535
  FirebaseSessions: f145e7365d36bec0d724c4574a8750e6f82fa6c8
  Google-Mobile-Ads-SDK: 4fe6304b771f8467d29978cb790ec1e56e646946
  GoogleAds-IMA-iOS-SDK: 0e817c05ab26f1b9285c80f4a75e1350a916d50b
  GoogleAppMeasurement: 7fee012a868315d418f365fbc8d394d8e020e749
  GoogleDataTransport: 54dee9d48d14580407f8f5fbf2f496e92437a2f2
  GoogleMobileAdsMediationPangle: c276e1604322fd58496d3f9de6e8c5ce7a386290
  GoogleUserMessagingPlatform: dce302b8f1b84d6e945812ee7a15c3f65a102cbf
  GoogleUtilities: 13e2c67ede716b8741c7989e26893d151b2b2084
  nanopb: b552cce312b6c8484180ef47159bc0f65a1f0431
  OneKit-Pangle: 19fc175cb04d0830594808f470751d3d2ab14318
  PromisesObjC: c50d2056b5253dadbd6c2bea79b0674bd5a52fa4
  PromisesSwift: 28dca69a9c40779916ac2d6985a0192a5cb4a265
  RangersAPM-Pangle: d2cc7e3887f0febfd82a1c91de96ec831fb584d1
  RARegisterKit-Pangle: b840cfa2b841389f88959504aaf62ce2730a18d1

PODFILE CHECKSUM: 3677ab1833b463885779137e6a3cc8c0e1d51f3c

COCOAPODS: 1.12.1
