// !$*UTF8*$!
{
	archiveVersion = 1;
	classes = {
	};
	objectVersion = 56;
	objects = {

/* Begin PBXBuildFile section */
		84F0F6CB2AB42DC4007D72AD /* AppDelegate.swift in Sources */ = {isa = PBXBuildFile; fileRef = 84F0F6CA2AB42DC4007D72AD /* AppDelegate.swift */; };
		84F0F6CD2AB42DC4007D72AD /* SceneDelegate.swift in Sources */ = {isa = PBXBuildFile; fileRef = 84F0F6CC2AB42DC4007D72AD /* SceneDelegate.swift */; };
		84F0F6CF2AB42DC4007D72AD /* ViewController.swift in Sources */ = {isa = PBXBuildFile; fileRef = 84F0F6CE2AB42DC4007D72AD /* ViewController.swift */; };
		84F0F6D22AB42DC4007D72AD /* Main.storyboard in Resources */ = {isa = PBXBuildFile; fileRef = 84F0F6D02AB42DC4007D72AD /* Main.storyboard */; };
		84F0F6D42AB42DC6007D72AD /* Assets.xcassets in Resources */ = {isa = PBXBuildFile; fileRef = 84F0F6D32AB42DC6007D72AD /* Assets.xcassets */; };
		84F0F6D72AB42DC6007D72AD /* LaunchScreen.storyboard in Resources */ = {isa = PBXBuildFile; fileRef = 84F0F6D52AB42DC6007D72AD /* LaunchScreen.storyboard */; };
		84F0F6DF2AB42F70007D72AD /* GoogleService-Info.plist in Resources */ = {isa = PBXBuildFile; fileRef = 84F0F6DE2AB42F70007D72AD /* GoogleService-Info.plist */; };
		DEA67A7F054DD517074C8A0B /* Pods_HaberlerTest.framework in Frameworks */ = {isa = PBXBuildFile; fileRef = 73B7AD475A2CFCF5A6CE4BA4 /* Pods_HaberlerTest.framework */; };
/* End PBXBuildFile section */

/* Begin PBXFileReference section */
		0355DF8EAFB4BEE4EAE8B211 /* Pods-HaberlerTest.release.xcconfig */ = {isa = PBXFileReference; includeInIndex = 1; lastKnownFileType = text.xcconfig; name = "Pods-HaberlerTest.release.xcconfig"; path = "Target Support Files/Pods-HaberlerTest/Pods-HaberlerTest.release.xcconfig"; sourceTree = "<group>"; };
		73B7AD475A2CFCF5A6CE4BA4 /* Pods_HaberlerTest.framework */ = {isa = PBXFileReference; explicitFileType = wrapper.framework; includeInIndex = 0; path = Pods_HaberlerTest.framework; sourceTree = BUILT_PRODUCTS_DIR; };
		84F0F6C72AB42DC4007D72AD /* HaberlerTest.app */ = {isa = PBXFileReference; explicitFileType = wrapper.application; includeInIndex = 0; path = HaberlerTest.app; sourceTree = BUILT_PRODUCTS_DIR; };
		84F0F6CA2AB42DC4007D72AD /* AppDelegate.swift */ = {isa = PBXFileReference; lastKnownFileType = sourcecode.swift; path = AppDelegate.swift; sourceTree = "<group>"; };
		84F0F6CC2AB42DC4007D72AD /* SceneDelegate.swift */ = {isa = PBXFileReference; lastKnownFileType = sourcecode.swift; path = SceneDelegate.swift; sourceTree = "<group>"; };
		84F0F6CE2AB42DC4007D72AD /* ViewController.swift */ = {isa = PBXFileReference; lastKnownFileType = sourcecode.swift; path = ViewController.swift; sourceTree = "<group>"; };
		84F0F6D12AB42DC4007D72AD /* Base */ = {isa = PBXFileReference; lastKnownFileType = file.storyboard; name = Base; path = Base.lproj/Main.storyboard; sourceTree = "<group>"; };
		84F0F6D32AB42DC6007D72AD /* Assets.xcassets */ = {isa = PBXFileReference; lastKnownFileType = folder.assetcatalog; path = Assets.xcassets; sourceTree = "<group>"; };
		84F0F6D62AB42DC6007D72AD /* Base */ = {isa = PBXFileReference; lastKnownFileType = file.storyboard; name = Base; path = Base.lproj/LaunchScreen.storyboard; sourceTree = "<group>"; };
		84F0F6D82AB42DC6007D72AD /* Info.plist */ = {isa = PBXFileReference; lastKnownFileType = text.plist.xml; path = Info.plist; sourceTree = "<group>"; };
		84F0F6DE2AB42F70007D72AD /* GoogleService-Info.plist */ = {isa = PBXFileReference; fileEncoding = 4; lastKnownFileType = text.plist.xml; path = "GoogleService-Info.plist"; sourceTree = "<group>"; };
		9DBD41AC5CB4EF45CA2AF437 /* Pods-HaberlerTest.debug.xcconfig */ = {isa = PBXFileReference; includeInIndex = 1; lastKnownFileType = text.xcconfig; name = "Pods-HaberlerTest.debug.xcconfig"; path = "Target Support Files/Pods-HaberlerTest/Pods-HaberlerTest.debug.xcconfig"; sourceTree = "<group>"; };
/* End PBXFileReference section */

/* Begin PBXFrameworksBuildPhase section */
		84F0F6C42AB42DC4007D72AD /* Frameworks */ = {
			isa = PBXFrameworksBuildPhase;
			buildActionMask = 2147483647;
			files = (
				DEA67A7F054DD517074C8A0B /* Pods_HaberlerTest.framework in Frameworks */,
			);
			runOnlyForDeploymentPostprocessing = 0;
		};
/* End PBXFrameworksBuildPhase section */

/* Begin PBXGroup section */
		84F0F6BE2AB42DC4007D72AD = {
			isa = PBXGroup;
			children = (
				84F0F6C92AB42DC4007D72AD /* HaberlerTest */,
				84F0F6C82AB42DC4007D72AD /* Products */,
				954564C6B0D6AF6BC1D37E29 /* Pods */,
				E054C36B3BFB38734BB42F16 /* Frameworks */,
			);
			sourceTree = "<group>";
		};
		84F0F6C82AB42DC4007D72AD /* Products */ = {
			isa = PBXGroup;
			children = (
				84F0F6C72AB42DC4007D72AD /* HaberlerTest.app */,
			);
			name = Products;
			sourceTree = "<group>";
		};
		84F0F6C92AB42DC4007D72AD /* HaberlerTest */ = {
			isa = PBXGroup;
			children = (
				84F0F6CA2AB42DC4007D72AD /* AppDelegate.swift */,
				84F0F6CC2AB42DC4007D72AD /* SceneDelegate.swift */,
				84F0F6CE2AB42DC4007D72AD /* ViewController.swift */,
				84F0F6D02AB42DC4007D72AD /* Main.storyboard */,
				84F0F6D32AB42DC6007D72AD /* Assets.xcassets */,
				84F0F6D52AB42DC6007D72AD /* LaunchScreen.storyboard */,
				84F0F6D82AB42DC6007D72AD /* Info.plist */,
				84F0F6DE2AB42F70007D72AD /* GoogleService-Info.plist */,
			);
			path = HaberlerTest;
			sourceTree = "<group>";
		};
		954564C6B0D6AF6BC1D37E29 /* Pods */ = {
			isa = PBXGroup;
			children = (
				9DBD41AC5CB4EF45CA2AF437 /* Pods-HaberlerTest.debug.xcconfig */,
				0355DF8EAFB4BEE4EAE8B211 /* Pods-HaberlerTest.release.xcconfig */,
			);
			path = Pods;
			sourceTree = "<group>";
		};
		E054C36B3BFB38734BB42F16 /* Frameworks */ = {
			isa = PBXGroup;
			children = (
				73B7AD475A2CFCF5A6CE4BA4 /* Pods_HaberlerTest.framework */,
			);
			name = Frameworks;
			sourceTree = "<group>";
		};
/* End PBXGroup section */

/* Begin PBXNativeTarget section */
		84F0F6C62AB42DC4007D72AD /* HaberlerTest */ = {
			isa = PBXNativeTarget;
			buildConfigurationList = 84F0F6DB2AB42DC6007D72AD /* Build configuration list for PBXNativeTarget "HaberlerTest" */;
			buildPhases = (
				A0A75792341093987E61DC5E /* [CP] Check Pods Manifest.lock */,
				84F0F6C32AB42DC4007D72AD /* Sources */,
				84F0F6C42AB42DC4007D72AD /* Frameworks */,
				84F0F6C52AB42DC4007D72AD /* Resources */,
				D6BF2B7F66AD743E7E13562F /* [CP] Embed Pods Frameworks */,
				147269D485BDF84105C62793 /* [CP] Copy Pods Resources */,
			);
			buildRules = (
			);
			dependencies = (
			);
			name = HaberlerTest;
			productName = HaberlerTest;
			productReference = 84F0F6C72AB42DC4007D72AD /* HaberlerTest.app */;
			productType = "com.apple.product-type.application";
		};
/* End PBXNativeTarget section */

/* Begin PBXProject section */
		84F0F6BF2AB42DC4007D72AD /* Project object */ = {
			isa = PBXProject;
			attributes = {
				BuildIndependentTargetsInParallel = 1;
				LastSwiftUpdateCheck = 1430;
				LastUpgradeCheck = 1430;
				TargetAttributes = {
					84F0F6C62AB42DC4007D72AD = {
						CreatedOnToolsVersion = 14.3.1;
					};
				};
			};
			buildConfigurationList = 84F0F6C22AB42DC4007D72AD /* Build configuration list for PBXProject "HaberlerTest" */;
			compatibilityVersion = "Xcode 14.0";
			developmentRegion = en;
			hasScannedForEncodings = 0;
			knownRegions = (
				en,
				Base,
			);
			mainGroup = 84F0F6BE2AB42DC4007D72AD;
			productRefGroup = 84F0F6C82AB42DC4007D72AD /* Products */;
			projectDirPath = "";
			projectRoot = "";
			targets = (
				84F0F6C62AB42DC4007D72AD /* HaberlerTest */,
			);
		};
/* End PBXProject section */

/* Begin PBXResourcesBuildPhase section */
		84F0F6C52AB42DC4007D72AD /* Resources */ = {
			isa = PBXResourcesBuildPhase;
			buildActionMask = 2147483647;
			files = (
				84F0F6D72AB42DC6007D72AD /* LaunchScreen.storyboard in Resources */,
				84F0F6DF2AB42F70007D72AD /* GoogleService-Info.plist in Resources */,
				84F0F6D42AB42DC6007D72AD /* Assets.xcassets in Resources */,
				84F0F6D22AB42DC4007D72AD /* Main.storyboard in Resources */,
			);
			runOnlyForDeploymentPostprocessing = 0;
		};
/* End PBXResourcesBuildPhase section */

/* Begin PBXShellScriptBuildPhase section */
		147269D485BDF84105C62793 /* [CP] Copy Pods Resources */ = {
			isa = PBXShellScriptBuildPhase;
			buildActionMask = 2147483647;
			files = (
			);
			inputFileListPaths = (
				"${PODS_ROOT}/Target Support Files/Pods-HaberlerTest/Pods-HaberlerTest-resources-${CONFIGURATION}-input-files.xcfilelist",
			);
			name = "[CP] Copy Pods Resources";
			outputFileListPaths = (
				"${PODS_ROOT}/Target Support Files/Pods-HaberlerTest/Pods-HaberlerTest-resources-${CONFIGURATION}-output-files.xcfilelist",
			);
			runOnlyForDeploymentPostprocessing = 0;
			shellPath = /bin/sh;
			shellScript = "\"${PODS_ROOT}/Target Support Files/Pods-HaberlerTest/Pods-HaberlerTest-resources.sh\"\n";
			showEnvVarsInLog = 0;
		};
		A0A75792341093987E61DC5E /* [CP] Check Pods Manifest.lock */ = {
			isa = PBXShellScriptBuildPhase;
			buildActionMask = 2147483647;
			files = (
			);
			inputFileListPaths = (
			);
			inputPaths = (
				"${PODS_PODFILE_DIR_PATH}/Podfile.lock",
				"${PODS_ROOT}/Manifest.lock",
			);
			name = "[CP] Check Pods Manifest.lock";
			outputFileListPaths = (
			);
			outputPaths = (
				"$(DERIVED_FILE_DIR)/Pods-HaberlerTest-checkManifestLockResult.txt",
			);
			runOnlyForDeploymentPostprocessing = 0;
			shellPath = /bin/sh;
			shellScript = "diff \"${PODS_PODFILE_DIR_PATH}/Podfile.lock\" \"${PODS_ROOT}/Manifest.lock\" > /dev/null\nif [ $? != 0 ] ; then\n    # print error to STDERR\n    echo \"error: The sandbox is not in sync with the Podfile.lock. Run 'pod install' or update your CocoaPods installation.\" >&2\n    exit 1\nfi\n# This output is used by Xcode 'outputs' to avoid re-running this script phase.\necho \"SUCCESS\" > \"${SCRIPT_OUTPUT_FILE_0}\"\n";
			showEnvVarsInLog = 0;
		};
		D6BF2B7F66AD743E7E13562F /* [CP] Embed Pods Frameworks */ = {
			isa = PBXShellScriptBuildPhase;
			buildActionMask = 2147483647;
			files = (
			);
			inputFileListPaths = (
				"${PODS_ROOT}/Target Support Files/Pods-HaberlerTest/Pods-HaberlerTest-frameworks-${CONFIGURATION}-input-files.xcfilelist",
			);
			name = "[CP] Embed Pods Frameworks";
			outputFileListPaths = (
				"${PODS_ROOT}/Target Support Files/Pods-HaberlerTest/Pods-HaberlerTest-frameworks-${CONFIGURATION}-output-files.xcfilelist",
			);
			runOnlyForDeploymentPostprocessing = 0;
			shellPath = /bin/sh;
			shellScript = "\"${PODS_ROOT}/Target Support Files/Pods-HaberlerTest/Pods-HaberlerTest-frameworks.sh\"\n";
			showEnvVarsInLog = 0;
		};
/* End PBXShellScriptBuildPhase section */

/* Begin PBXSourcesBuildPhase section */
		84F0F6C32AB42DC4007D72AD /* Sources */ = {
			isa = PBXSourcesBuildPhase;
			buildActionMask = 2147483647;
			files = (
				84F0F6CF2AB42DC4007D72AD /* ViewController.swift in Sources */,
				84F0F6CB2AB42DC4007D72AD /* AppDelegate.swift in Sources */,
				84F0F6CD2AB42DC4007D72AD /* SceneDelegate.swift in Sources */,
			);
			runOnlyForDeploymentPostprocessing = 0;
		};
/* End PBXSourcesBuildPhase section */

/* Begin PBXVariantGroup section */
		84F0F6D02AB42DC4007D72AD /* Main.storyboard */ = {
			isa = PBXVariantGroup;
			children = (
				84F0F6D12AB42DC4007D72AD /* Base */,
			);
			name = Main.storyboard;
			sourceTree = "<group>";
		};
		84F0F6D52AB42DC6007D72AD /* LaunchScreen.storyboard */ = {
			isa = PBXVariantGroup;
			children = (
				84F0F6D62AB42DC6007D72AD /* Base */,
			);
			name = LaunchScreen.storyboard;
			sourceTree = "<group>";
		};
/* End PBXVariantGroup section */

/* Begin XCBuildConfiguration section */
		84F0F6D92AB42DC6007D72AD /* Debug */ = {
			isa = XCBuildConfiguration;
			buildSettings = {
				ALWAYS_SEARCH_USER_PATHS = NO;
				CLANG_ANALYZER_NONNULL = YES;
				CLANG_ANALYZER_NUMBER_OBJECT_CONVERSION = YES_AGGRESSIVE;
				CLANG_CXX_LANGUAGE_STANDARD = "gnu++20";
				CLANG_ENABLE_MODULES = YES;
				CLANG_ENABLE_OBJC_ARC = YES;
				CLANG_ENABLE_OBJC_WEAK = YES;
				CLANG_WARN_BLOCK_CAPTURE_AUTORELEASING = YES;
				CLANG_WARN_BOOL_CONVERSION = YES;
				CLANG_WARN_COMMA = YES;
				CLANG_WARN_CONSTANT_CONVERSION = YES;
				CLANG_WARN_DEPRECATED_OBJC_IMPLEMENTATIONS = YES;
				CLANG_WARN_DIRECT_OBJC_ISA_USAGE = YES_ERROR;
				CLANG_WARN_DOCUMENTATION_COMMENTS = YES;
				CLANG_WARN_EMPTY_BODY = YES;
				CLANG_WARN_ENUM_CONVERSION = YES;
				CLANG_WARN_INFINITE_RECURSION = YES;
				CLANG_WARN_INT_CONVERSION = YES;
				CLANG_WARN_NON_LITERAL_NULL_CONVERSION = YES;
				CLANG_WARN_OBJC_IMPLICIT_RETAIN_SELF = YES;
				CLANG_WARN_OBJC_LITERAL_CONVERSION = YES;
				CLANG_WARN_OBJC_ROOT_CLASS = YES_ERROR;
				CLANG_WARN_QUOTED_INCLUDE_IN_FRAMEWORK_HEADER = YES;
				CLANG_WARN_RANGE_LOOP_ANALYSIS = YES;
				CLANG_WARN_STRICT_PROTOTYPES = YES;
				CLANG_WARN_SUSPICIOUS_MOVE = YES;
				CLANG_WARN_UNGUARDED_AVAILABILITY = YES_AGGRESSIVE;
				CLANG_WARN_UNREACHABLE_CODE = YES;
				CLANG_WARN__DUPLICATE_METHOD_MATCH = YES;
				COPY_PHASE_STRIP = NO;
				DEBUG_INFORMATION_FORMAT = dwarf;
				ENABLE_STRICT_OBJC_MSGSEND = YES;
				ENABLE_TESTABILITY = YES;
				GCC_C_LANGUAGE_STANDARD = gnu11;
				GCC_DYNAMIC_NO_PIC = NO;
				GCC_NO_COMMON_BLOCKS = YES;
				GCC_OPTIMIZATION_LEVEL = 0;
				GCC_PREPROCESSOR_DEFINITIONS = (
					"DEBUG=1",
					"$(inherited)",
				);
				GCC_WARN_64_TO_32_BIT_CONVERSION = YES;
				GCC_WARN_ABOUT_RETURN_TYPE = YES_ERROR;
				GCC_WARN_UNDECLARED_SELECTOR = YES;
				GCC_WARN_UNINITIALIZED_AUTOS = YES_AGGRESSIVE;
				GCC_WARN_UNUSED_FUNCTION = YES;
				GCC_WARN_UNUSED_VARIABLE = YES;
				IPHONEOS_DEPLOYMENT_TARGET = 16.4;
				MTL_ENABLE_DEBUG_INFO = INCLUDE_SOURCE;
				MTL_FAST_MATH = YES;
				ONLY_ACTIVE_ARCH = YES;
				SDKROOT = iphoneos;
				SWIFT_ACTIVE_COMPILATION_CONDITIONS = DEBUG;
				SWIFT_OPTIMIZATION_LEVEL = "-Onone";
			};
			name = Debug;
		};
		84F0F6DA2AB42DC6007D72AD /* Release */ = {
			isa = XCBuildConfiguration;
			buildSettings = {
				ALWAYS_SEARCH_USER_PATHS = NO;
				CLANG_ANALYZER_NONNULL = YES;
				CLANG_ANALYZER_NUMBER_OBJECT_CONVERSION = YES_AGGRESSIVE;
				CLANG_CXX_LANGUAGE_STANDARD = "gnu++20";
				CLANG_ENABLE_MODULES = YES;
				CLANG_ENABLE_OBJC_ARC = YES;
				CLANG_ENABLE_OBJC_WEAK = YES;
				CLANG_WARN_BLOCK_CAPTURE_AUTORELEASING = YES;
				CLANG_WARN_BOOL_CONVERSION = YES;
				CLANG_WARN_COMMA = YES;
				CLANG_WARN_CONSTANT_CONVERSION = YES;
				CLANG_WARN_DEPRECATED_OBJC_IMPLEMENTATIONS = YES;
				CLANG_WARN_DIRECT_OBJC_ISA_USAGE = YES_ERROR;
				CLANG_WARN_DOCUMENTATION_COMMENTS = YES;
				CLANG_WARN_EMPTY_BODY = YES;
				CLANG_WARN_ENUM_CONVERSION = YES;
				CLANG_WARN_INFINITE_RECURSION = YES;
				CLANG_WARN_INT_CONVERSION = YES;
				CLANG_WARN_NON_LITERAL_NULL_CONVERSION = YES;
				CLANG_WARN_OBJC_IMPLICIT_RETAIN_SELF = YES;
				CLANG_WARN_OBJC_LITERAL_CONVERSION = YES;
				CLANG_WARN_OBJC_ROOT_CLASS = YES_ERROR;
				CLANG_WARN_QUOTED_INCLUDE_IN_FRAMEWORK_HEADER = YES;
				CLANG_WARN_RANGE_LOOP_ANALYSIS = YES;
				CLANG_WARN_STRICT_PROTOTYPES = YES;
				CLANG_WARN_SUSPICIOUS_MOVE = YES;
				CLANG_WARN_UNGUARDED_AVAILABILITY = YES_AGGRESSIVE;
				CLANG_WARN_UNREACHABLE_CODE = YES;
				CLANG_WARN__DUPLICATE_METHOD_MATCH = YES;
				COPY_PHASE_STRIP = NO;
				DEBUG_INFORMATION_FORMAT = "dwarf-with-dsym";
				ENABLE_NS_ASSERTIONS = NO;
				ENABLE_STRICT_OBJC_MSGSEND = YES;
				GCC_C_LANGUAGE_STANDARD = gnu11;
				GCC_NO_COMMON_BLOCKS = YES;
				GCC_WARN_64_TO_32_BIT_CONVERSION = YES;
				GCC_WARN_ABOUT_RETURN_TYPE = YES_ERROR;
				GCC_WARN_UNDECLARED_SELECTOR = YES;
				GCC_WARN_UNINITIALIZED_AUTOS = YES_AGGRESSIVE;
				GCC_WARN_UNUSED_FUNCTION = YES;
				GCC_WARN_UNUSED_VARIABLE = YES;
				IPHONEOS_DEPLOYMENT_TARGET = 16.4;
				MTL_ENABLE_DEBUG_INFO = NO;
				MTL_FAST_MATH = YES;
				SDKROOT = iphoneos;
				SWIFT_COMPILATION_MODE = wholemodule;
				SWIFT_OPTIMIZATION_LEVEL = "-O";
				VALIDATE_PRODUCT = YES;
			};
			name = Release;
		};
		84F0F6DC2AB42DC6007D72AD /* Debug */ = {
			isa = XCBuildConfiguration;
			baseConfigurationReference = 9DBD41AC5CB4EF45CA2AF437 /* Pods-HaberlerTest.debug.xcconfig */;
			buildSettings = {
				ASSETCATALOG_COMPILER_APPICON_NAME = AppIcon;
				ASSETCATALOG_COMPILER_GLOBAL_ACCENT_COLOR_NAME = AccentColor;
				CODE_SIGN_STYLE = Automatic;
				CURRENT_PROJECT_VERSION = 1;
				DEVELOPMENT_TEAM = G4659FZU4K;
				GENERATE_INFOPLIST_FILE = YES;
				INFOPLIST_FILE = HaberlerTest/Info.plist;
				INFOPLIST_KEY_UIApplicationSupportsIndirectInputEvents = YES;
				INFOPLIST_KEY_UILaunchStoryboardName = LaunchScreen;
				INFOPLIST_KEY_UIMainStoryboardFile = Main;
				INFOPLIST_KEY_UISupportedInterfaceOrientations_iPad = "UIInterfaceOrientationPortrait UIInterfaceOrientationPortraitUpsideDown UIInterfaceOrientationLandscapeLeft UIInterfaceOrientationLandscapeRight";
				INFOPLIST_KEY_UISupportedInterfaceOrientations_iPhone = "UIInterfaceOrientationPortrait UIInterfaceOrientationLandscapeLeft UIInterfaceOrientationLandscapeRight";
				LD_RUNPATH_SEARCH_PATHS = (
					"$(inherited)",
					"@executable_path/Frameworks",
				);
				MARKETING_VERSION = 1.0;
				PRODUCT_BUNDLE_IDENTIFIER = yenimedya;
				PRODUCT_NAME = "$(TARGET_NAME)";
				SWIFT_EMIT_LOC_STRINGS = YES;
				SWIFT_VERSION = 5.0;
				TARGETED_DEVICE_FAMILY = "1,2";
			};
			name = Debug;
		};
		84F0F6DD2AB42DC6007D72AD /* Release */ = {
			isa = XCBuildConfiguration;
			baseConfigurationReference = 0355DF8EAFB4BEE4EAE8B211 /* Pods-HaberlerTest.release.xcconfig */;
			buildSettings = {
				ASSETCATALOG_COMPILER_APPICON_NAME = AppIcon;
				ASSETCATALOG_COMPILER_GLOBAL_ACCENT_COLOR_NAME = AccentColor;
				CODE_SIGN_STYLE = Automatic;
				CURRENT_PROJECT_VERSION = 1;
				DEVELOPMENT_TEAM = G4659FZU4K;
				GENERATE_INFOPLIST_FILE = YES;
				INFOPLIST_FILE = HaberlerTest/Info.plist;
				INFOPLIST_KEY_UIApplicationSupportsIndirectInputEvents = YES;
				INFOPLIST_KEY_UILaunchStoryboardName = LaunchScreen;
				INFOPLIST_KEY_UIMainStoryboardFile = Main;
				INFOPLIST_KEY_UISupportedInterfaceOrientations_iPad = "UIInterfaceOrientationPortrait UIInterfaceOrientationPortraitUpsideDown UIInterfaceOrientationLandscapeLeft UIInterfaceOrientationLandscapeRight";
				INFOPLIST_KEY_UISupportedInterfaceOrientations_iPhone = "UIInterfaceOrientationPortrait UIInterfaceOrientationLandscapeLeft UIInterfaceOrientationLandscapeRight";
				LD_RUNPATH_SEARCH_PATHS = (
					"$(inherited)",
					"@executable_path/Frameworks",
				);
				MARKETING_VERSION = 1.0;
				PRODUCT_BUNDLE_IDENTIFIER = yenimedya;
				PRODUCT_NAME = "$(TARGET_NAME)";
				SWIFT_EMIT_LOC_STRINGS = YES;
				SWIFT_VERSION = 5.0;
				TARGETED_DEVICE_FAMILY = "1,2";
			};
			name = Release;
		};
/* End XCBuildConfiguration section */

/* Begin XCConfigurationList section */
		84F0F6C22AB42DC4007D72AD /* Build configuration list for PBXProject "HaberlerTest" */ = {
			isa = XCConfigurationList;
			buildConfigurations = (
				84F0F6D92AB42DC6007D72AD /* Debug */,
				84F0F6DA2AB42DC6007D72AD /* Release */,
			);
			defaultConfigurationIsVisible = 0;
			defaultConfigurationName = Release;
		};
		84F0F6DB2AB42DC6007D72AD /* Build configuration list for PBXNativeTarget "HaberlerTest" */ = {
			isa = XCConfigurationList;
			buildConfigurations = (
				84F0F6DC2AB42DC6007D72AD /* Debug */,
				84F0F6DD2AB42DC6007D72AD /* Release */,
			);
			defaultConfigurationIsVisible = 0;
			defaultConfigurationName = Release;
		};
/* End XCConfigurationList section */
	};
	rootObject = 84F0F6BF2AB42DC4007D72AD /* Project object */;
}
